
Microsoft Visual Studio Solution File, Format Version 12.00
# Visual Studio Version 16
VisualStudioVersion = 16.0.32602.291
MinimumVisualStudioVersion = 10.0.40219.1
Project("{8BC9CEB8-8B4A-11D0-8D11-00A0C91BC942}") = "Function", "Function\Function.vcxproj", "{9374180E-FC13-4063-9878-E24AD0463E48}"
EndProject
Global
	GlobalSection(SolutionConfigurationPlatforms) = preSolution
		Debug|x64 = Debug|x64
		Debug|x86 = Debug|x86
		Release|x64 = Release|x64
		Release|x86 = Release|x86
	EndGlobalSection
	GlobalSection(ProjectConfigurationPlatforms) = postSolution
		{9374180E-FC13-4063-9878-E24AD0463E48}.Debug|x64.ActiveCfg = Debug|x64
		{9374180E-FC13-4063-9878-E24AD0463E48}.Debug|x64.Build.0 = Debug|x64
		{9374180E-FC13-4063-9878-E24AD0463E48}.Debug|x86.ActiveCfg = Debug|Win32
		{9374180E-FC13-4063-9878-E24AD0463E48}.Debug|x86.Build.0 = Debug|Win32
		{9374180E-FC13-4063-9878-E24AD0463E48}.Release|x64.ActiveCfg = Release|x64
		{9374180E-FC13-4063-9878-E24AD0463E48}.Release|x64.Build.0 = Release|x64
		{9374180E-FC13-4063-9878-E24AD0463E48}.Release|x86.ActiveCfg = Release|Win32
		{9374180E-FC13-4063-9878-E24AD0463E48}.Release|x86.Build.0 = Release|Win32
	EndGlobalSection
	GlobalSection(SolutionProperties) = preSolution
		HideSolutionNode = FALSE
	EndGlobalSection
	GlobalSection(ExtensibilityGlobals) = postSolution
		SolutionGuid = {5834EFF4-C378-4508-AAA8-DD702ED8753B}
	EndGlobalSection
EndGlobal
